{
  "requires": true,
  "lockfileVersion": 1,
  "dependencies": {
    "css-checkbox-library": {
      "version": "1.4.2",
      "resolved": "https://registry.npmjs.org/css-checkbox-library/-/css-checkbox-library-1.4.2.tgz",
      "integrity": "sha512-dby3C2WS56laIoPTIii934NFGRSZjTIuqo4ENboW31zoscq7CnzfaPwhev613ogN2g3XWJIf90ADzfrM2lK0jg=="
    }
  }
}
